
Microsoft Visual Studio Solution File, Format Version 12.00
# Visual Studio Version 16
VisualStudioVersion = 16.0.30011.22
MinimumVisualStudioVersion = 10.0.40219.1
Project("{FAE04EC0-301F-11D3-BF4B-00C04F79EFBC}") = "Prosales", "Prosales\Prosales.csproj", "{1BFF9B3C-D2E0-40BD-9B91-B63607309434}"
EndProject
Global
	GlobalSection(SolutionConfigurationPlatforms) = preSolution
		Debug|Any CPU = Debug|Any CPU
		Release|Any CPU = Release|Any CPU
	EndGlobalSection
	GlobalSection(ProjectConfigurationPlatforms) = postSolution
		{1BFF9B3C-D2E0-40BD-9B91-B63607309434}.Debug|Any CPU.ActiveCfg = Debug|Any CPU
		{1BFF9B3C-D2E0-40BD-9B91-B63607309434}.Debug|Any CPU.Build.0 = Debug|Any CPU
		{1BFF9B3C-D2E0-40BD-9B91-B63607309434}.Release|Any CPU.ActiveCfg = Release|Any CPU
		{1BFF9B3C-D2E0-40BD-9B91-B63607309434}.Release|Any CPU.Build.0 = Release|Any CPU
	EndGlobalSection
	GlobalSection(SolutionProperties) = preSolution
		HideSolutionNode = FALSE
	EndGlobalSection
	GlobalSection(ExtensibilityGlobals) = postSolution
		SolutionGuid = {682398A2-0181-450B-AE70-48101C6DF126}
	EndGlobalSection
EndGlobal
